
Microsoft Visual Studio Solution File, Format Version 12.00
# Visual Studio 2012
Project("{FAE04EC0-301F-11D3-BF4B-00C04F79EFBC}") = "OneBusAway", "OneBusAway\OneBusAway.csproj", "{0C5F2939-61DC-452E-914F-DA55798327D9}"
EndProject
Project("{FAE04EC0-301F-11D3-BF4B-00C04F79EFBC}") = "OneBusAway.DataAccess", "OneBusAway.DataAccess\OneBusAway.DataAccess.csproj", "{B612D55D-895B-4C25-A696-5C7DFEB6BDE4}"
EndProject
Project("{FAE04EC0-301F-11D3-BF4B-00C04F79EFBC}") = "OneBusAway.DataAccess.Test", "OneBusAway.DataAccess.Test\OneBusAway.DataAccess.Test.csproj", "{4B3F2936-DA0D-4200-9D41-BBD2889BE1C3}"
EndProject
Project("{2150E333-8FDC-42A3-9474-1A3956D46DE8}") = "UnitTests", "UnitTests", "{50A4B99B-93CD-44D1-BB16-7FDA864FD4D9}"
EndProject
Project("{FAE04EC0-301F-11D3-BF4B-00C04F79EFBC}") = "OneBusAway.Model", "OneBusAway.Model\OneBusAway.Model.csproj", "{73F2DEBF-F056-4BDA-B578-C2C99062F10B}"
EndProject
Project("{FAE04EC0-301F-11D3-BF4B-00C04F79EFBC}") = "OneBusAway.ViewModels", "OneBusAway.ViewModels\OneBusAway.ViewModels.csproj", "{CDD8C2C7-66DA-4AB0-8295-939B8BEA6537}"
EndProject
Global
	GlobalSection(TeamFoundationVersionControl) = preSolution
		SccNumberOfProjects = 6
		SccEnterpriseProvider = {4CA58AB2-18FA-4F8D-95D4-32DDF27D184C}
		SccTeamFoundationServer = https://mbraude.tfspreview.com/defaultcollection
		SccLocalPath0 = .
		SccProjectUniqueName1 = OneBusAway\\OneBusAway.csproj
		SccProjectName1 = OneBusAway
		SccLocalPath1 = OneBusAway
		SccProjectUniqueName2 = OneBusAway.DataAccess\\OneBusAway.DataAccess.csproj
		SccProjectName2 = OneBusAway.DataAccess
		SccLocalPath2 = OneBusAway.DataAccess
		SccProjectUniqueName3 = OneBusAway.DataAccess.Test\\OneBusAway.DataAccess.Test.csproj
		SccProjectTopLevelParentUniqueName3 = OneBusAway.sln
		SccProjectName3 = OneBusAway.DataAccess.Test
		SccLocalPath3 = OneBusAway.DataAccess.Test
		SccProjectUniqueName4 = OneBusAway.Model\\OneBusAway.Model.csproj
		SccProjectName4 = OneBusAway.Model
		SccLocalPath4 = OneBusAway.Model
		SccProjectUniqueName5 = OneBusAway.ViewModels\\OneBusAway.ViewModels.csproj
		SccProjectName5 = OneBusAway.ViewModels
		SccLocalPath5 = OneBusAway.ViewModels
	EndGlobalSection
	GlobalSection(SolutionConfigurationPlatforms) = preSolution
		Debug|Any CPU = Debug|Any CPU
		Debug|ARM = Debug|ARM
		Debug|x64 = Debug|x64
		Debug|x86 = Debug|x86
		Release|Any CPU = Release|Any CPU
		Release|ARM = Release|ARM
		Release|x64 = Release|x64
		Release|x86 = Release|x86
	EndGlobalSection
	GlobalSection(ProjectConfigurationPlatforms) = postSolution
		{0C5F2939-61DC-452E-914F-DA55798327D9}.Debug|Any CPU.ActiveCfg = Debug|x86
		{0C5F2939-61DC-452E-914F-DA55798327D9}.Debug|Any CPU.Build.0 = Debug|x86
		{0C5F2939-61DC-452E-914F-DA55798327D9}.Debug|Any CPU.Deploy.0 = Debug|x86
		{0C5F2939-61DC-452E-914F-DA55798327D9}.Debug|ARM.ActiveCfg = Debug|ARM
		{0C5F2939-61DC-452E-914F-DA55798327D9}.Debug|ARM.Build.0 = Debug|ARM
		{0C5F2939-61DC-452E-914F-DA55798327D9}.Debug|ARM.Deploy.0 = Debug|ARM
		{0C5F2939-61DC-452E-914F-DA55798327D9}.Debug|x64.ActiveCfg = Debug|x64
		{0C5F2939-61DC-452E-914F-DA55798327D9}.Debug|x64.Build.0 = Debug|x64
		{0C5F2939-61DC-452E-914F-DA55798327D9}.Debug|x64.Deploy.0 = Debug|x64
		{0C5F2939-61DC-452E-914F-DA55798327D9}.Debug|x86.ActiveCfg = Debug|x86
		{0C5F2939-61DC-452E-914F-DA55798327D9}.Debug|x86.Build.0 = Debug|x86
		{0C5F2939-61DC-452E-914F-DA55798327D9}.Debug|x86.Deploy.0 = Debug|x86
		{0C5F2939-61DC-452E-914F-DA55798327D9}.Release|Any CPU.ActiveCfg = Release|Any CPU
		{0C5F2939-61DC-452E-914F-DA55798327D9}.Release|Any CPU.Build.0 = Release|Any CPU
		{0C5F2939-61DC-452E-914F-DA55798327D9}.Release|Any CPU.Deploy.0 = Release|Any CPU
		{0C5F2939-61DC-452E-914F-DA55798327D9}.Release|ARM.ActiveCfg = Release|ARM
		{0C5F2939-61DC-452E-914F-DA55798327D9}.Release|ARM.Build.0 = Release|ARM
		{0C5F2939-61DC-452E-914F-DA55798327D9}.Release|ARM.Deploy.0 = Release|ARM
		{0C5F2939-61DC-452E-914F-DA55798327D9}.Release|x64.ActiveCfg = Release|x64
		{0C5F2939-61DC-452E-914F-DA55798327D9}.Release|x64.Build.0 = Release|x64
		{0C5F2939-61DC-452E-914F-DA55798327D9}.Release|x64.Deploy.0 = Release|x64
		{0C5F2939-61DC-452E-914F-DA55798327D9}.Release|x86.ActiveCfg = Release|x86
		{0C5F2939-61DC-452E-914F-DA55798327D9}.Release|x86.Build.0 = Release|x86
		{0C5F2939-61DC-452E-914F-DA55798327D9}.Release|x86.Deploy.0 = Release|x86
		{B612D55D-895B-4C25-A696-5C7DFEB6BDE4}.Debug|Any CPU.ActiveCfg = Debug|Any CPU
		{B612D55D-895B-4C25-A696-5C7DFEB6BDE4}.Debug|Any CPU.Build.0 = Debug|Any CPU
		{B612D55D-895B-4C25-A696-5C7DFEB6BDE4}.Debug|ARM.ActiveCfg = Debug|Any CPU
		{B612D55D-895B-4C25-A696-5C7DFEB6BDE4}.Debug|x64.ActiveCfg = Debug|Any CPU
		{B612D55D-895B-4C25-A696-5C7DFEB6BDE4}.Debug|x86.ActiveCfg = Debug|Any CPU
		{B612D55D-895B-4C25-A696-5C7DFEB6BDE4}.Release|Any CPU.ActiveCfg = Release|Any CPU
		{B612D55D-895B-4C25-A696-5C7DFEB6BDE4}.Release|Any CPU.Build.0 = Release|Any CPU
		{B612D55D-895B-4C25-A696-5C7DFEB6BDE4}.Release|ARM.ActiveCfg = Release|Any CPU
		{B612D55D-895B-4C25-A696-5C7DFEB6BDE4}.Release|x64.ActiveCfg = Release|Any CPU
		{B612D55D-895B-4C25-A696-5C7DFEB6BDE4}.Release|x86.ActiveCfg = Release|Any CPU
		{4B3F2936-DA0D-4200-9D41-BBD2889BE1C3}.Debug|Any CPU.ActiveCfg = Debug|Any CPU
		{4B3F2936-DA0D-4200-9D41-BBD2889BE1C3}.Debug|Any CPU.Build.0 = Debug|Any CPU
		{4B3F2936-DA0D-4200-9D41-BBD2889BE1C3}.Debug|ARM.ActiveCfg = Debug|Any CPU
		{4B3F2936-DA0D-4200-9D41-BBD2889BE1C3}.Debug|x64.ActiveCfg = Debug|Any CPU
		{4B3F2936-DA0D-4200-9D41-BBD2889BE1C3}.Debug|x86.ActiveCfg = Debug|Any CPU
		{4B3F2936-DA0D-4200-9D41-BBD2889BE1C3}.Release|Any CPU.ActiveCfg = Release|Any CPU
		{4B3F2936-DA0D-4200-9D41-BBD2889BE1C3}.Release|Any CPU.Build.0 = Release|Any CPU
		{4B3F2936-DA0D-4200-9D41-BBD2889BE1C3}.Release|ARM.ActiveCfg = Release|Any CPU
		{4B3F2936-DA0D-4200-9D41-BBD2889BE1C3}.Release|x64.ActiveCfg = Release|Any CPU
		{4B3F2936-DA0D-4200-9D41-BBD2889BE1C3}.Release|x86.ActiveCfg = Release|Any CPU
		{73F2DEBF-F056-4BDA-B578-C2C99062F10B}.Debug|Any CPU.ActiveCfg = Debug|Any CPU
		{73F2DEBF-F056-4BDA-B578-C2C99062F10B}.Debug|Any CPU.Build.0 = Debug|Any CPU
		{73F2DEBF-F056-4BDA-B578-C2C99062F10B}.Debug|ARM.ActiveCfg = Debug|Any CPU
		{73F2DEBF-F056-4BDA-B578-C2C99062F10B}.Debug|x64.ActiveCfg = Debug|Any CPU
		{73F2DEBF-F056-4BDA-B578-C2C99062F10B}.Debug|x86.ActiveCfg = Debug|Any CPU
		{73F2DEBF-F056-4BDA-B578-C2C99062F10B}.Release|Any CPU.ActiveCfg = Release|Any CPU
		{73F2DEBF-F056-4BDA-B578-C2C99062F10B}.Release|Any CPU.Build.0 = Release|Any CPU
		{73F2DEBF-F056-4BDA-B578-C2C99062F10B}.Release|ARM.ActiveCfg = Release|Any CPU
		{73F2DEBF-F056-4BDA-B578-C2C99062F10B}.Release|x64.ActiveCfg = Release|Any CPU
		{73F2DEBF-F056-4BDA-B578-C2C99062F10B}.Release|x86.ActiveCfg = Release|Any CPU
		{CDD8C2C7-66DA-4AB0-8295-939B8BEA6537}.Debug|Any CPU.ActiveCfg = Debug|Any CPU
		{CDD8C2C7-66DA-4AB0-8295-939B8BEA6537}.Debug|Any CPU.Build.0 = Debug|Any CPU
		{CDD8C2C7-66DA-4AB0-8295-939B8BEA6537}.Debug|ARM.ActiveCfg = Debug|Any CPU
		{CDD8C2C7-66DA-4AB0-8295-939B8BEA6537}.Debug|x64.ActiveCfg = Debug|Any CPU
		{CDD8C2C7-66DA-4AB0-8295-939B8BEA6537}.Debug|x86.ActiveCfg = Debug|Any CPU
		{CDD8C2C7-66DA-4AB0-8295-939B8BEA6537}.Release|Any CPU.ActiveCfg = Release|Any CPU
		{CDD8C2C7-66DA-4AB0-8295-939B8BEA6537}.Release|Any CPU.Build.0 = Release|Any CPU
		{CDD8C2C7-66DA-4AB0-8295-939B8BEA6537}.Release|ARM.ActiveCfg = Release|Any CPU
		{CDD8C2C7-66DA-4AB0-8295-939B8BEA6537}.Release|x64.ActiveCfg = Release|Any CPU
		{CDD8C2C7-66DA-4AB0-8295-939B8BEA6537}.Release|x86.ActiveCfg = Release|Any CPU
	EndGlobalSection
	GlobalSection(SolutionProperties) = preSolution
		HideSolutionNode = FALSE
	EndGlobalSection
	GlobalSection(NestedProjects) = preSolution
		{4B3F2936-DA0D-4200-9D41-BBD2889BE1C3} = {50A4B99B-93CD-44D1-BB16-7FDA864FD4D9}
	EndGlobalSection
EndGlobal
