
Microsoft Visual Studio Solution File, Format Version 12.00
# Visual Studio 2012
Project("{FAE04EC0-301F-11D3-BF4B-00C04F79EFBC}") = "OneBusAway", "OneBusAway\OneBusAway.csproj", "{0C5F2939-61DC-452E-914F-DA55798327D9}"
	ProjectSection(ProjectDependencies) = postProject
		{35672B4C-7575-4D5C-956B-3674D4CB5AEC} = {35672B4C-7575-4D5C-956B-3674D4CB5AEC}
	EndProjectSection
EndProject
Project("{FAE04EC0-301F-11D3-BF4B-00C04F79EFBC}") = "OneBusAway.DataAccess", "OneBusAway.DataAccess\OneBusAway.DataAccess.csproj", "{B612D55D-895B-4C25-A696-5C7DFEB6BDE4}"
EndProject
Project("{FAE04EC0-301F-11D3-BF4B-00C04F79EFBC}") = "OneBusAway.Model", "OneBusAway.Model\OneBusAway.Model.csproj", "{73F2DEBF-F056-4BDA-B578-C2C99062F10B}"
EndProject
Project("{FAE04EC0-301F-11D3-BF4B-00C04F79EFBC}") = "OneBusAway.ViewModels", "OneBusAway.ViewModels\OneBusAway.ViewModels.csproj", "{CDD8C2C7-66DA-4AB0-8295-939B8BEA6537}"
EndProject
Project("{FAE04EC0-301F-11D3-BF4B-00C04F79EFBC}") = "OneBusAway.Utilities", "OneBusAway.Utilities\OneBusAway.Utilities.csproj", "{92F2BF3E-5120-4744-9DBF-1D7E8AABA8CB}"
EndProject
Project("{FAE04EC0-301F-11D3-BF4B-00C04F79EFBC}") = "OneBusAway.Web", "OneBusAway.Web\OneBusAway.Web.csproj", "{F754B1D3-BE0F-47B1-B5C0-F47111A020AC}"
EndProject
Project("{FAE04EC0-301F-11D3-BF4B-00C04F79EFBC}") = "OneBusAway.Backgrounding", "OneBusAway.Backgrounding\OneBusAway.Backgrounding.csproj", "{35672B4C-7575-4D5C-956B-3674D4CB5AEC}"
EndProject
Global
	GlobalSection(TeamFoundationVersionControl) = preSolution
		SccNumberOfProjects = 8
		SccEnterpriseProvider = {4CA58AB2-18FA-4F8D-95D4-32DDF27D184C}
		SccTeamFoundationServer = https://mbraude.visualstudio.com/defaultcollection
		SccLocalPath0 = .
		SccProjectUniqueName1 = OneBusAway\\OneBusAway.csproj
		SccProjectName1 = OneBusAway
		SccLocalPath1 = OneBusAway
		SccProjectUniqueName2 = OneBusAway.DataAccess\\OneBusAway.DataAccess.csproj
		SccProjectName2 = OneBusAway.DataAccess
		SccLocalPath2 = OneBusAway.DataAccess
		SccProjectUniqueName3 = OneBusAway.Model\\OneBusAway.Model.csproj
		SccProjectName3 = OneBusAway.Model
		SccLocalPath3 = OneBusAway.Model
		SccProjectUniqueName4 = OneBusAway.ViewModels\\OneBusAway.ViewModels.csproj
		SccProjectName4 = OneBusAway.ViewModels
		SccLocalPath4 = OneBusAway.ViewModels
		SccProjectUniqueName5 = OneBusAway.Utilities\\OneBusAway.Utilities.csproj
		SccProjectName5 = OneBusAway.Utilities
		SccLocalPath5 = OneBusAway.Utilities
		SccProjectUniqueName6 = OneBusAway.Web\\OneBusAway.Web.csproj
		SccProjectName6 = OneBusAway.Web
		SccLocalPath6 = OneBusAway.Web
		SccProjectUniqueName7 = OneBusAway.Backgrounding\\OneBusAway.Backgrounding.csproj
		SccProjectName7 = OneBusAway.Backgrounding
		SccLocalPath7 = OneBusAway.Backgrounding
	EndGlobalSection
	GlobalSection(SolutionConfigurationPlatforms) = preSolution
		Debug|Any CPU = Debug|Any CPU
		Debug|ARM = Debug|ARM
		Debug|Mixed Platforms = Debug|Mixed Platforms
		Debug|x64 = Debug|x64
		Debug|x86 = Debug|x86
		Release|Any CPU = Release|Any CPU
		Release|ARM = Release|ARM
		Release|Mixed Platforms = Release|Mixed Platforms
		Release|x64 = Release|x64
		Release|x86 = Release|x86
	EndGlobalSection
	GlobalSection(ProjectConfigurationPlatforms) = postSolution
		{0C5F2939-61DC-452E-914F-DA55798327D9}.Debug|Any CPU.ActiveCfg = Debug|Any CPU
		{0C5F2939-61DC-452E-914F-DA55798327D9}.Debug|Any CPU.Build.0 = Debug|Any CPU
		{0C5F2939-61DC-452E-914F-DA55798327D9}.Debug|Any CPU.Deploy.0 = Debug|Any CPU
		{0C5F2939-61DC-452E-914F-DA55798327D9}.Debug|ARM.ActiveCfg = Debug|ARM
		{0C5F2939-61DC-452E-914F-DA55798327D9}.Debug|ARM.Build.0 = Debug|ARM
		{0C5F2939-61DC-452E-914F-DA55798327D9}.Debug|ARM.Deploy.0 = Debug|ARM
		{0C5F2939-61DC-452E-914F-DA55798327D9}.Debug|Mixed Platforms.ActiveCfg = Debug|x86
		{0C5F2939-61DC-452E-914F-DA55798327D9}.Debug|Mixed Platforms.Build.0 = Debug|x86
		{0C5F2939-61DC-452E-914F-DA55798327D9}.Debug|Mixed Platforms.Deploy.0 = Debug|x86
		{0C5F2939-61DC-452E-914F-DA55798327D9}.Debug|x64.ActiveCfg = Debug|x64
		{0C5F2939-61DC-452E-914F-DA55798327D9}.Debug|x64.Build.0 = Debug|x64
		{0C5F2939-61DC-452E-914F-DA55798327D9}.Debug|x64.Deploy.0 = Debug|x64
		{0C5F2939-61DC-452E-914F-DA55798327D9}.Debug|x86.ActiveCfg = Debug|x86
		{0C5F2939-61DC-452E-914F-DA55798327D9}.Debug|x86.Build.0 = Debug|x86
		{0C5F2939-61DC-452E-914F-DA55798327D9}.Debug|x86.Deploy.0 = Debug|x86
		{0C5F2939-61DC-452E-914F-DA55798327D9}.Release|Any CPU.ActiveCfg = Release|Any CPU
		{0C5F2939-61DC-452E-914F-DA55798327D9}.Release|Any CPU.Build.0 = Release|Any CPU
		{0C5F2939-61DC-452E-914F-DA55798327D9}.Release|Any CPU.Deploy.0 = Release|Any CPU
		{0C5F2939-61DC-452E-914F-DA55798327D9}.Release|ARM.ActiveCfg = Release|ARM
		{0C5F2939-61DC-452E-914F-DA55798327D9}.Release|ARM.Build.0 = Release|ARM
		{0C5F2939-61DC-452E-914F-DA55798327D9}.Release|ARM.Deploy.0 = Release|ARM
		{0C5F2939-61DC-452E-914F-DA55798327D9}.Release|Mixed Platforms.ActiveCfg = Release|x86
		{0C5F2939-61DC-452E-914F-DA55798327D9}.Release|Mixed Platforms.Build.0 = Release|x86
		{0C5F2939-61DC-452E-914F-DA55798327D9}.Release|Mixed Platforms.Deploy.0 = Release|x86
		{0C5F2939-61DC-452E-914F-DA55798327D9}.Release|x64.ActiveCfg = Release|x64
		{0C5F2939-61DC-452E-914F-DA55798327D9}.Release|x64.Build.0 = Release|x64
		{0C5F2939-61DC-452E-914F-DA55798327D9}.Release|x64.Deploy.0 = Release|x64
		{0C5F2939-61DC-452E-914F-DA55798327D9}.Release|x86.ActiveCfg = Release|x86
		{0C5F2939-61DC-452E-914F-DA55798327D9}.Release|x86.Build.0 = Release|x86
		{0C5F2939-61DC-452E-914F-DA55798327D9}.Release|x86.Deploy.0 = Release|x86
		{B612D55D-895B-4C25-A696-5C7DFEB6BDE4}.Debug|Any CPU.ActiveCfg = Debug|Any CPU
		{B612D55D-895B-4C25-A696-5C7DFEB6BDE4}.Debug|Any CPU.Build.0 = Debug|Any CPU
		{B612D55D-895B-4C25-A696-5C7DFEB6BDE4}.Debug|ARM.ActiveCfg = Debug|ARM
		{B612D55D-895B-4C25-A696-5C7DFEB6BDE4}.Debug|ARM.Build.0 = Debug|ARM
		{B612D55D-895B-4C25-A696-5C7DFEB6BDE4}.Debug|Mixed Platforms.ActiveCfg = Debug|x86
		{B612D55D-895B-4C25-A696-5C7DFEB6BDE4}.Debug|Mixed Platforms.Build.0 = Debug|x86
		{B612D55D-895B-4C25-A696-5C7DFEB6BDE4}.Debug|x64.ActiveCfg = Debug|x64
		{B612D55D-895B-4C25-A696-5C7DFEB6BDE4}.Debug|x64.Build.0 = Debug|x64
		{B612D55D-895B-4C25-A696-5C7DFEB6BDE4}.Debug|x86.ActiveCfg = Debug|x86
		{B612D55D-895B-4C25-A696-5C7DFEB6BDE4}.Debug|x86.Build.0 = Debug|x86
		{B612D55D-895B-4C25-A696-5C7DFEB6BDE4}.Release|Any CPU.ActiveCfg = Release|Any CPU
		{B612D55D-895B-4C25-A696-5C7DFEB6BDE4}.Release|Any CPU.Build.0 = Release|Any CPU
		{B612D55D-895B-4C25-A696-5C7DFEB6BDE4}.Release|ARM.ActiveCfg = Release|ARM
		{B612D55D-895B-4C25-A696-5C7DFEB6BDE4}.Release|ARM.Build.0 = Release|ARM
		{B612D55D-895B-4C25-A696-5C7DFEB6BDE4}.Release|Mixed Platforms.ActiveCfg = Release|x86
		{B612D55D-895B-4C25-A696-5C7DFEB6BDE4}.Release|Mixed Platforms.Build.0 = Release|x86
		{B612D55D-895B-4C25-A696-5C7DFEB6BDE4}.Release|x64.ActiveCfg = Release|x64
		{B612D55D-895B-4C25-A696-5C7DFEB6BDE4}.Release|x64.Build.0 = Release|x64
		{B612D55D-895B-4C25-A696-5C7DFEB6BDE4}.Release|x86.ActiveCfg = Release|x86
		{B612D55D-895B-4C25-A696-5C7DFEB6BDE4}.Release|x86.Build.0 = Release|x86
		{73F2DEBF-F056-4BDA-B578-C2C99062F10B}.Debug|Any CPU.ActiveCfg = Debug|Any CPU
		{73F2DEBF-F056-4BDA-B578-C2C99062F10B}.Debug|Any CPU.Build.0 = Debug|Any CPU
		{73F2DEBF-F056-4BDA-B578-C2C99062F10B}.Debug|ARM.ActiveCfg = Debug|ARM
		{73F2DEBF-F056-4BDA-B578-C2C99062F10B}.Debug|ARM.Build.0 = Debug|ARM
		{73F2DEBF-F056-4BDA-B578-C2C99062F10B}.Debug|Mixed Platforms.ActiveCfg = Debug|x86
		{73F2DEBF-F056-4BDA-B578-C2C99062F10B}.Debug|Mixed Platforms.Build.0 = Debug|x86
		{73F2DEBF-F056-4BDA-B578-C2C99062F10B}.Debug|x64.ActiveCfg = Debug|x64
		{73F2DEBF-F056-4BDA-B578-C2C99062F10B}.Debug|x64.Build.0 = Debug|x64
		{73F2DEBF-F056-4BDA-B578-C2C99062F10B}.Debug|x86.ActiveCfg = Debug|x86
		{73F2DEBF-F056-4BDA-B578-C2C99062F10B}.Debug|x86.Build.0 = Debug|x86
		{73F2DEBF-F056-4BDA-B578-C2C99062F10B}.Release|Any CPU.ActiveCfg = Release|Any CPU
		{73F2DEBF-F056-4BDA-B578-C2C99062F10B}.Release|Any CPU.Build.0 = Release|Any CPU
		{73F2DEBF-F056-4BDA-B578-C2C99062F10B}.Release|ARM.ActiveCfg = Release|ARM
		{73F2DEBF-F056-4BDA-B578-C2C99062F10B}.Release|ARM.Build.0 = Release|ARM
		{73F2DEBF-F056-4BDA-B578-C2C99062F10B}.Release|Mixed Platforms.ActiveCfg = Release|x86
		{73F2DEBF-F056-4BDA-B578-C2C99062F10B}.Release|Mixed Platforms.Build.0 = Release|x86
		{73F2DEBF-F056-4BDA-B578-C2C99062F10B}.Release|x64.ActiveCfg = Release|x64
		{73F2DEBF-F056-4BDA-B578-C2C99062F10B}.Release|x64.Build.0 = Release|x64
		{73F2DEBF-F056-4BDA-B578-C2C99062F10B}.Release|x86.ActiveCfg = Release|x86
		{73F2DEBF-F056-4BDA-B578-C2C99062F10B}.Release|x86.Build.0 = Release|x86
		{CDD8C2C7-66DA-4AB0-8295-939B8BEA6537}.Debug|Any CPU.ActiveCfg = Debug|Any CPU
		{CDD8C2C7-66DA-4AB0-8295-939B8BEA6537}.Debug|Any CPU.Build.0 = Debug|Any CPU
		{CDD8C2C7-66DA-4AB0-8295-939B8BEA6537}.Debug|ARM.ActiveCfg = Debug|ARM
		{CDD8C2C7-66DA-4AB0-8295-939B8BEA6537}.Debug|ARM.Build.0 = Debug|ARM
		{CDD8C2C7-66DA-4AB0-8295-939B8BEA6537}.Debug|Mixed Platforms.ActiveCfg = Debug|x86
		{CDD8C2C7-66DA-4AB0-8295-939B8BEA6537}.Debug|Mixed Platforms.Build.0 = Debug|x86
		{CDD8C2C7-66DA-4AB0-8295-939B8BEA6537}.Debug|x64.ActiveCfg = Debug|x64
		{CDD8C2C7-66DA-4AB0-8295-939B8BEA6537}.Debug|x64.Build.0 = Debug|x64
		{CDD8C2C7-66DA-4AB0-8295-939B8BEA6537}.Debug|x86.ActiveCfg = Debug|x86
		{CDD8C2C7-66DA-4AB0-8295-939B8BEA6537}.Debug|x86.Build.0 = Debug|x86
		{CDD8C2C7-66DA-4AB0-8295-939B8BEA6537}.Release|Any CPU.ActiveCfg = Release|Any CPU
		{CDD8C2C7-66DA-4AB0-8295-939B8BEA6537}.Release|Any CPU.Build.0 = Release|Any CPU
		{CDD8C2C7-66DA-4AB0-8295-939B8BEA6537}.Release|ARM.ActiveCfg = Release|ARM
		{CDD8C2C7-66DA-4AB0-8295-939B8BEA6537}.Release|ARM.Build.0 = Release|ARM
		{CDD8C2C7-66DA-4AB0-8295-939B8BEA6537}.Release|Mixed Platforms.ActiveCfg = Release|x86
		{CDD8C2C7-66DA-4AB0-8295-939B8BEA6537}.Release|Mixed Platforms.Build.0 = Release|x86
		{CDD8C2C7-66DA-4AB0-8295-939B8BEA6537}.Release|x64.ActiveCfg = Release|x64
		{CDD8C2C7-66DA-4AB0-8295-939B8BEA6537}.Release|x64.Build.0 = Release|x64
		{CDD8C2C7-66DA-4AB0-8295-939B8BEA6537}.Release|x86.ActiveCfg = Release|x86
		{CDD8C2C7-66DA-4AB0-8295-939B8BEA6537}.Release|x86.Build.0 = Release|x86
		{92F2BF3E-5120-4744-9DBF-1D7E8AABA8CB}.Debug|Any CPU.ActiveCfg = Debug|Any CPU
		{92F2BF3E-5120-4744-9DBF-1D7E8AABA8CB}.Debug|Any CPU.Build.0 = Debug|Any CPU
		{92F2BF3E-5120-4744-9DBF-1D7E8AABA8CB}.Debug|ARM.ActiveCfg = Debug|ARM
		{92F2BF3E-5120-4744-9DBF-1D7E8AABA8CB}.Debug|ARM.Build.0 = Debug|ARM
		{92F2BF3E-5120-4744-9DBF-1D7E8AABA8CB}.Debug|Mixed Platforms.ActiveCfg = Debug|x86
		{92F2BF3E-5120-4744-9DBF-1D7E8AABA8CB}.Debug|Mixed Platforms.Build.0 = Debug|x86
		{92F2BF3E-5120-4744-9DBF-1D7E8AABA8CB}.Debug|x64.ActiveCfg = Debug|x64
		{92F2BF3E-5120-4744-9DBF-1D7E8AABA8CB}.Debug|x64.Build.0 = Debug|x64
		{92F2BF3E-5120-4744-9DBF-1D7E8AABA8CB}.Debug|x86.ActiveCfg = Debug|x86
		{92F2BF3E-5120-4744-9DBF-1D7E8AABA8CB}.Debug|x86.Build.0 = Debug|x86
		{92F2BF3E-5120-4744-9DBF-1D7E8AABA8CB}.Release|Any CPU.ActiveCfg = Release|Any CPU
		{92F2BF3E-5120-4744-9DBF-1D7E8AABA8CB}.Release|Any CPU.Build.0 = Release|Any CPU
		{92F2BF3E-5120-4744-9DBF-1D7E8AABA8CB}.Release|ARM.ActiveCfg = Release|ARM
		{92F2BF3E-5120-4744-9DBF-1D7E8AABA8CB}.Release|ARM.Build.0 = Release|ARM
		{92F2BF3E-5120-4744-9DBF-1D7E8AABA8CB}.Release|Mixed Platforms.ActiveCfg = Release|x86
		{92F2BF3E-5120-4744-9DBF-1D7E8AABA8CB}.Release|Mixed Platforms.Build.0 = Release|x86
		{92F2BF3E-5120-4744-9DBF-1D7E8AABA8CB}.Release|x64.ActiveCfg = Release|x64
		{92F2BF3E-5120-4744-9DBF-1D7E8AABA8CB}.Release|x64.Build.0 = Release|x64
		{92F2BF3E-5120-4744-9DBF-1D7E8AABA8CB}.Release|x86.ActiveCfg = Release|x86
		{92F2BF3E-5120-4744-9DBF-1D7E8AABA8CB}.Release|x86.Build.0 = Release|x86
		{F754B1D3-BE0F-47B1-B5C0-F47111A020AC}.Debug|Any CPU.ActiveCfg = Debug|Any CPU
		{F754B1D3-BE0F-47B1-B5C0-F47111A020AC}.Debug|Any CPU.Build.0 = Debug|Any CPU
		{F754B1D3-BE0F-47B1-B5C0-F47111A020AC}.Debug|ARM.ActiveCfg = Debug|Any CPU
		{F754B1D3-BE0F-47B1-B5C0-F47111A020AC}.Debug|Mixed Platforms.ActiveCfg = Debug|Any CPU
		{F754B1D3-BE0F-47B1-B5C0-F47111A020AC}.Debug|Mixed Platforms.Build.0 = Debug|Any CPU
		{F754B1D3-BE0F-47B1-B5C0-F47111A020AC}.Debug|x64.ActiveCfg = Debug|Any CPU
		{F754B1D3-BE0F-47B1-B5C0-F47111A020AC}.Debug|x86.ActiveCfg = Debug|Any CPU
		{F754B1D3-BE0F-47B1-B5C0-F47111A020AC}.Release|Any CPU.ActiveCfg = Release|Any CPU
		{F754B1D3-BE0F-47B1-B5C0-F47111A020AC}.Release|Any CPU.Build.0 = Release|Any CPU
		{F754B1D3-BE0F-47B1-B5C0-F47111A020AC}.Release|ARM.ActiveCfg = Release|Any CPU
		{F754B1D3-BE0F-47B1-B5C0-F47111A020AC}.Release|Mixed Platforms.ActiveCfg = Release|Any CPU
		{F754B1D3-BE0F-47B1-B5C0-F47111A020AC}.Release|Mixed Platforms.Build.0 = Release|Any CPU
		{F754B1D3-BE0F-47B1-B5C0-F47111A020AC}.Release|x64.ActiveCfg = Release|Any CPU
		{F754B1D3-BE0F-47B1-B5C0-F47111A020AC}.Release|x86.ActiveCfg = Release|Any CPU
		{35672B4C-7575-4D5C-956B-3674D4CB5AEC}.Debug|Any CPU.ActiveCfg = Debug|Any CPU
		{35672B4C-7575-4D5C-956B-3674D4CB5AEC}.Debug|Any CPU.Build.0 = Debug|Any CPU
		{35672B4C-7575-4D5C-956B-3674D4CB5AEC}.Debug|ARM.ActiveCfg = Debug|ARM
		{35672B4C-7575-4D5C-956B-3674D4CB5AEC}.Debug|ARM.Build.0 = Debug|ARM
		{35672B4C-7575-4D5C-956B-3674D4CB5AEC}.Debug|Mixed Platforms.ActiveCfg = Debug|x86
		{35672B4C-7575-4D5C-956B-3674D4CB5AEC}.Debug|Mixed Platforms.Build.0 = Debug|x86
		{35672B4C-7575-4D5C-956B-3674D4CB5AEC}.Debug|x64.ActiveCfg = Debug|x64
		{35672B4C-7575-4D5C-956B-3674D4CB5AEC}.Debug|x64.Build.0 = Debug|x64
		{35672B4C-7575-4D5C-956B-3674D4CB5AEC}.Debug|x86.ActiveCfg = Debug|x86
		{35672B4C-7575-4D5C-956B-3674D4CB5AEC}.Debug|x86.Build.0 = Debug|x86
		{35672B4C-7575-4D5C-956B-3674D4CB5AEC}.Release|Any CPU.ActiveCfg = Release|Any CPU
		{35672B4C-7575-4D5C-956B-3674D4CB5AEC}.Release|Any CPU.Build.0 = Release|Any CPU
		{35672B4C-7575-4D5C-956B-3674D4CB5AEC}.Release|ARM.ActiveCfg = Release|ARM
		{35672B4C-7575-4D5C-956B-3674D4CB5AEC}.Release|ARM.Build.0 = Release|ARM
		{35672B4C-7575-4D5C-956B-3674D4CB5AEC}.Release|Mixed Platforms.ActiveCfg = Release|x86
		{35672B4C-7575-4D5C-956B-3674D4CB5AEC}.Release|Mixed Platforms.Build.0 = Release|x86
		{35672B4C-7575-4D5C-956B-3674D4CB5AEC}.Release|x64.ActiveCfg = Release|x64
		{35672B4C-7575-4D5C-956B-3674D4CB5AEC}.Release|x64.Build.0 = Release|x64
		{35672B4C-7575-4D5C-956B-3674D4CB5AEC}.Release|x86.ActiveCfg = Release|x86
		{35672B4C-7575-4D5C-956B-3674D4CB5AEC}.Release|x86.Build.0 = Release|x86
	EndGlobalSection
	GlobalSection(SolutionProperties) = preSolution
		HideSolutionNode = FALSE
	EndGlobalSection
EndGlobal
