
Microsoft Visual Studio Solution File, Format Version 12.00
# Visual Studio 2013
VisualStudioVersion = 12.0.21005.1
MinimumVisualStudioVersion = 10.0.40219.1
Project("{FAE04EC0-301F-11D3-BF4B-00C04F79EFBC}") = "OneBusAway.Windows8", "OneBusAway.Windows8\OneBusAway.Windows8.csproj", "{0C5F2939-61DC-452E-914F-DA55798327D9}"
EndProject
Project("{FAE04EC0-301F-11D3-BF4B-00C04F79EFBC}") = "OneBusAway", "OneBusAway\OneBusAway.csproj", "{D585DD67-74DD-4F14-960E-0A79E2AD910C}"
EndProject
Project("{FAE04EC0-301F-11D3-BF4B-00C04F79EFBC}") = "OneBusAway.Platforms.Windows8", "OneBusAway.Platforms.Windows8\OneBusAway.Platforms.Windows8.csproj", "{D13662C3-6CBC-4DBC-8C36-54863F27A27A}"
EndProject
Project("{FAE04EC0-301F-11D3-BF4B-00C04F79EFBC}") = "OneBusAway.Windows8.Backgrounding", "OneBusAway.Windows8.Backgrounding\OneBusAway.Windows8.Backgrounding.csproj", "{35672B4C-7575-4D5C-956B-3674D4CB5AEC}"
EndProject
Project("{FAE04EC0-301F-11D3-BF4B-00C04F79EFBC}") = "OneBusAway.Platforms.WindowsPhone", "OneBusAway.Platforms.WindowsPhone\OneBusAway.Platforms.WindowsPhone.csproj", "{EFDA7B53-DCCB-46B9-AAC7-7D071515463F}"
EndProject
Project("{FAE04EC0-301F-11D3-BF4B-00C04F79EFBC}") = "OneBusAway.WindowsPhone", "OneBusAway.WindowsPhone\OneBusAway.WindowsPhone.csproj", "{71555972-2EAB-4B6D-9B76-521DF55D2D14}"
EndProject
Project("{2150E333-8FDC-42A3-9474-1A3956D46DE8}") = "Windows8", "Windows8", "{FF1034AA-C116-4983-8F0B-1B2CDEC671F9}"
EndProject
Project("{2150E333-8FDC-42A3-9474-1A3956D46DE8}") = "Windows Phone", "Windows Phone", "{3BF5B101-1106-4CE8-B81E-653823D6C586}"
EndProject
Project("{2150E333-8FDC-42A3-9474-1A3956D46DE8}") = "Shared", "Shared", "{31B5CF15-EBA4-41C6-AAD9-EFD4D01DDD24}"
EndProject
Project("{2150E333-8FDC-42A3-9474-1A3956D46DE8}") = "Converters", "Converters", "{2BAABB45-6F99-4266-9974-AF365CB5568E}"
	ProjectSection(SolutionItems) = preProject
		OneBusAway.Windows8\Converters\ArrayToVisibilityConverter.cs = OneBusAway.Windows8\Converters\ArrayToVisibilityConverter.cs
		OneBusAway.Windows8\Converters\BoolToFontWeightConverter.cs = OneBusAway.Windows8\Converters\BoolToFontWeightConverter.cs
		OneBusAway.Windows8\Converters\BoolToInvertedConverter.cs = OneBusAway.Windows8\Converters\BoolToInvertedConverter.cs
		OneBusAway.Windows8\Converters\BoolToObaGreenConverter.cs = OneBusAway.Windows8\Converters\BoolToObaGreenConverter.cs
		OneBusAway.Windows8\Converters\BoolToThicknessConverter.cs = OneBusAway.Windows8\Converters\BoolToThicknessConverter.cs
		OneBusAway.Windows8\Converters\BoolToVisibilityConverter.cs = OneBusAway.Windows8\Converters\BoolToVisibilityConverter.cs
		OneBusAway.Windows8\Converters\CapitalLetterConverter.cs = OneBusAway.Windows8\Converters\CapitalLetterConverter.cs
		OneBusAway.Windows8\Converters\IsCurrentHourToThicknessConverter.cs = OneBusAway.Windows8\Converters\IsCurrentHourToThicknessConverter.cs
		OneBusAway.Windows8\Converters\IsFilteredToColorConverter.cs = OneBusAway.Windows8\Converters\IsFilteredToColorConverter.cs
		OneBusAway.Windows8\Converters\MapViewToVisibilityConverter.cs = OneBusAway.Windows8\Converters\MapViewToVisibilityConverter.cs
		OneBusAway.Windows8\Converters\NumberToDayOfTheWeekConverter.cs = OneBusAway.Windows8\Converters\NumberToDayOfTheWeekConverter.cs
		OneBusAway.Windows8\Converters\PageControlToPinnableVisibilityConverter.cs = OneBusAway.Windows8\Converters\PageControlToPinnableVisibilityConverter.cs
		OneBusAway.Windows8\Converters\StopAndRouteToFavoriteColorConverter.cs = OneBusAway.Windows8\Converters\StopAndRouteToFavoriteColorConverter.cs
		OneBusAway.Windows8\Converters\StringEqualsToVisibilityConverter.cs = OneBusAway.Windows8\Converters\StringEqualsToVisibilityConverter.cs
		OneBusAway.Windows8\Converters\StringFormatConverter.cs = OneBusAway.Windows8\Converters\StringFormatConverter.cs
		OneBusAway.Windows8\Converters\SubTextConverter.cs = OneBusAway.Windows8\Converters\SubTextConverter.cs
		OneBusAway.Windows8\Converters\TimeToFontWeightConverter.cs = OneBusAway.Windows8\Converters\TimeToFontWeightConverter.cs
		OneBusAway.Windows8\Converters\TimeToTextConverter.cs = OneBusAway.Windows8\Converters\TimeToTextConverter.cs
		OneBusAway.Windows8\Converters\TrackingDataToColorConverter.cs = OneBusAway.Windows8\Converters\TrackingDataToColorConverter.cs
		OneBusAway.Windows8\Converters\TrackingDataToPredictedArrivalInMinutes.cs = OneBusAway.Windows8\Converters\TrackingDataToPredictedArrivalInMinutes.cs
	EndProjectSection
EndProject
Project("{2150E333-8FDC-42A3-9474-1A3956D46DE8}") = "Triggers", "Triggers", "{7C277F2B-F4C1-44B7-A33B-3B1671359EE3}"
	ProjectSection(SolutionItems) = preProject
		Shared\Triggers\Trigger.cs = Shared\Triggers\Trigger.cs
		Shared\Triggers\TriggerCollection.cs = Shared\Triggers\TriggerCollection.cs
		Shared\Triggers\TriggerManager.cs = Shared\Triggers\TriggerManager.cs
	EndProjectSection
EndProject
Project("{2150E333-8FDC-42A3-9474-1A3956D46DE8}") = "Controls", "Controls", "{582E2DEB-1AEF-403A-84A2-51698F42F46D}"
	ProjectSection(SolutionItems) = preProject
		Shared\Controls\BusStop.xaml = Shared\Controls\BusStop.xaml
		Shared\Controls\ControlUtilities.cs = Shared\Controls\ControlUtilities.cs
	EndProjectSection
EndProject
Global
	GlobalSection(SolutionConfigurationPlatforms) = preSolution
		Debug|Any CPU = Debug|Any CPU
		Debug|ARM = Debug|ARM
		Debug|Mixed Platforms = Debug|Mixed Platforms
		Debug|x64 = Debug|x64
		Debug|x86 = Debug|x86
		Release|Any CPU = Release|Any CPU
		Release|ARM = Release|ARM
		Release|Mixed Platforms = Release|Mixed Platforms
		Release|x64 = Release|x64
		Release|x86 = Release|x86
	EndGlobalSection
	GlobalSection(ProjectConfigurationPlatforms) = postSolution
		{0C5F2939-61DC-452E-914F-DA55798327D9}.Debug|Any CPU.ActiveCfg = Debug|Any CPU
		{0C5F2939-61DC-452E-914F-DA55798327D9}.Debug|Any CPU.Build.0 = Debug|Any CPU
		{0C5F2939-61DC-452E-914F-DA55798327D9}.Debug|Any CPU.Deploy.0 = Debug|Any CPU
		{0C5F2939-61DC-452E-914F-DA55798327D9}.Debug|ARM.ActiveCfg = Debug|ARM
		{0C5F2939-61DC-452E-914F-DA55798327D9}.Debug|ARM.Build.0 = Debug|ARM
		{0C5F2939-61DC-452E-914F-DA55798327D9}.Debug|ARM.Deploy.0 = Debug|ARM
		{0C5F2939-61DC-452E-914F-DA55798327D9}.Debug|Mixed Platforms.ActiveCfg = Debug|x86
		{0C5F2939-61DC-452E-914F-DA55798327D9}.Debug|Mixed Platforms.Build.0 = Debug|x86
		{0C5F2939-61DC-452E-914F-DA55798327D9}.Debug|Mixed Platforms.Deploy.0 = Debug|x86
		{0C5F2939-61DC-452E-914F-DA55798327D9}.Debug|x64.ActiveCfg = Debug|x64
		{0C5F2939-61DC-452E-914F-DA55798327D9}.Debug|x64.Build.0 = Debug|x64
		{0C5F2939-61DC-452E-914F-DA55798327D9}.Debug|x64.Deploy.0 = Debug|x64
		{0C5F2939-61DC-452E-914F-DA55798327D9}.Debug|x86.ActiveCfg = Debug|x86
		{0C5F2939-61DC-452E-914F-DA55798327D9}.Debug|x86.Build.0 = Debug|x86
		{0C5F2939-61DC-452E-914F-DA55798327D9}.Debug|x86.Deploy.0 = Debug|x86
		{0C5F2939-61DC-452E-914F-DA55798327D9}.Release|Any CPU.ActiveCfg = Release|Any CPU
		{0C5F2939-61DC-452E-914F-DA55798327D9}.Release|Any CPU.Build.0 = Release|Any CPU
		{0C5F2939-61DC-452E-914F-DA55798327D9}.Release|Any CPU.Deploy.0 = Release|Any CPU
		{0C5F2939-61DC-452E-914F-DA55798327D9}.Release|ARM.ActiveCfg = Release|ARM
		{0C5F2939-61DC-452E-914F-DA55798327D9}.Release|ARM.Build.0 = Release|ARM
		{0C5F2939-61DC-452E-914F-DA55798327D9}.Release|ARM.Deploy.0 = Release|ARM
		{0C5F2939-61DC-452E-914F-DA55798327D9}.Release|Mixed Platforms.ActiveCfg = Release|x86
		{0C5F2939-61DC-452E-914F-DA55798327D9}.Release|Mixed Platforms.Build.0 = Release|x86
		{0C5F2939-61DC-452E-914F-DA55798327D9}.Release|Mixed Platforms.Deploy.0 = Release|x86
		{0C5F2939-61DC-452E-914F-DA55798327D9}.Release|x64.ActiveCfg = Release|x64
		{0C5F2939-61DC-452E-914F-DA55798327D9}.Release|x64.Build.0 = Release|x64
		{0C5F2939-61DC-452E-914F-DA55798327D9}.Release|x64.Deploy.0 = Release|x64
		{0C5F2939-61DC-452E-914F-DA55798327D9}.Release|x86.ActiveCfg = Release|x86
		{0C5F2939-61DC-452E-914F-DA55798327D9}.Release|x86.Build.0 = Release|x86
		{0C5F2939-61DC-452E-914F-DA55798327D9}.Release|x86.Deploy.0 = Release|x86
		{D585DD67-74DD-4F14-960E-0A79E2AD910C}.Debug|Any CPU.ActiveCfg = Debug|Any CPU
		{D585DD67-74DD-4F14-960E-0A79E2AD910C}.Debug|Any CPU.Build.0 = Debug|Any CPU
		{D585DD67-74DD-4F14-960E-0A79E2AD910C}.Debug|ARM.ActiveCfg = Debug|Any CPU
		{D585DD67-74DD-4F14-960E-0A79E2AD910C}.Debug|Mixed Platforms.ActiveCfg = Debug|Any CPU
		{D585DD67-74DD-4F14-960E-0A79E2AD910C}.Debug|Mixed Platforms.Build.0 = Debug|Any CPU
		{D585DD67-74DD-4F14-960E-0A79E2AD910C}.Debug|x64.ActiveCfg = Debug|Any CPU
		{D585DD67-74DD-4F14-960E-0A79E2AD910C}.Debug|x86.ActiveCfg = Debug|Any CPU
		{D585DD67-74DD-4F14-960E-0A79E2AD910C}.Release|Any CPU.ActiveCfg = Release|Any CPU
		{D585DD67-74DD-4F14-960E-0A79E2AD910C}.Release|Any CPU.Build.0 = Release|Any CPU
		{D585DD67-74DD-4F14-960E-0A79E2AD910C}.Release|ARM.ActiveCfg = Release|Any CPU
		{D585DD67-74DD-4F14-960E-0A79E2AD910C}.Release|Mixed Platforms.ActiveCfg = Release|Any CPU
		{D585DD67-74DD-4F14-960E-0A79E2AD910C}.Release|Mixed Platforms.Build.0 = Release|Any CPU
		{D585DD67-74DD-4F14-960E-0A79E2AD910C}.Release|x64.ActiveCfg = Release|Any CPU
		{D585DD67-74DD-4F14-960E-0A79E2AD910C}.Release|x86.ActiveCfg = Release|Any CPU
		{D13662C3-6CBC-4DBC-8C36-54863F27A27A}.Debug|Any CPU.ActiveCfg = Debug|Any CPU
		{D13662C3-6CBC-4DBC-8C36-54863F27A27A}.Debug|Any CPU.Build.0 = Debug|Any CPU
		{D13662C3-6CBC-4DBC-8C36-54863F27A27A}.Debug|ARM.ActiveCfg = Debug|ARM
		{D13662C3-6CBC-4DBC-8C36-54863F27A27A}.Debug|ARM.Build.0 = Debug|ARM
		{D13662C3-6CBC-4DBC-8C36-54863F27A27A}.Debug|Mixed Platforms.ActiveCfg = Debug|x86
		{D13662C3-6CBC-4DBC-8C36-54863F27A27A}.Debug|Mixed Platforms.Build.0 = Debug|x86
		{D13662C3-6CBC-4DBC-8C36-54863F27A27A}.Debug|x64.ActiveCfg = Debug|x64
		{D13662C3-6CBC-4DBC-8C36-54863F27A27A}.Debug|x64.Build.0 = Debug|x64
		{D13662C3-6CBC-4DBC-8C36-54863F27A27A}.Debug|x86.ActiveCfg = Debug|x86
		{D13662C3-6CBC-4DBC-8C36-54863F27A27A}.Debug|x86.Build.0 = Debug|x86
		{D13662C3-6CBC-4DBC-8C36-54863F27A27A}.Release|Any CPU.ActiveCfg = Release|Any CPU
		{D13662C3-6CBC-4DBC-8C36-54863F27A27A}.Release|Any CPU.Build.0 = Release|Any CPU
		{D13662C3-6CBC-4DBC-8C36-54863F27A27A}.Release|ARM.ActiveCfg = Release|ARM
		{D13662C3-6CBC-4DBC-8C36-54863F27A27A}.Release|ARM.Build.0 = Release|ARM
		{D13662C3-6CBC-4DBC-8C36-54863F27A27A}.Release|Mixed Platforms.ActiveCfg = Release|x86
		{D13662C3-6CBC-4DBC-8C36-54863F27A27A}.Release|Mixed Platforms.Build.0 = Release|x86
		{D13662C3-6CBC-4DBC-8C36-54863F27A27A}.Release|x64.ActiveCfg = Release|x64
		{D13662C3-6CBC-4DBC-8C36-54863F27A27A}.Release|x64.Build.0 = Release|x64
		{D13662C3-6CBC-4DBC-8C36-54863F27A27A}.Release|x86.ActiveCfg = Release|x86
		{D13662C3-6CBC-4DBC-8C36-54863F27A27A}.Release|x86.Build.0 = Release|x86
		{35672B4C-7575-4D5C-956B-3674D4CB5AEC}.Debug|Any CPU.ActiveCfg = Debug|Any CPU
		{35672B4C-7575-4D5C-956B-3674D4CB5AEC}.Debug|Any CPU.Build.0 = Debug|Any CPU
		{35672B4C-7575-4D5C-956B-3674D4CB5AEC}.Debug|ARM.ActiveCfg = Debug|ARM
		{35672B4C-7575-4D5C-956B-3674D4CB5AEC}.Debug|ARM.Build.0 = Debug|ARM
		{35672B4C-7575-4D5C-956B-3674D4CB5AEC}.Debug|Mixed Platforms.ActiveCfg = Debug|x86
		{35672B4C-7575-4D5C-956B-3674D4CB5AEC}.Debug|Mixed Platforms.Build.0 = Debug|x86
		{35672B4C-7575-4D5C-956B-3674D4CB5AEC}.Debug|x64.ActiveCfg = Debug|x64
		{35672B4C-7575-4D5C-956B-3674D4CB5AEC}.Debug|x64.Build.0 = Debug|x64
		{35672B4C-7575-4D5C-956B-3674D4CB5AEC}.Debug|x86.ActiveCfg = Debug|x86
		{35672B4C-7575-4D5C-956B-3674D4CB5AEC}.Debug|x86.Build.0 = Debug|x86
		{35672B4C-7575-4D5C-956B-3674D4CB5AEC}.Release|Any CPU.ActiveCfg = Release|Any CPU
		{35672B4C-7575-4D5C-956B-3674D4CB5AEC}.Release|Any CPU.Build.0 = Release|Any CPU
		{35672B4C-7575-4D5C-956B-3674D4CB5AEC}.Release|ARM.ActiveCfg = Release|ARM
		{35672B4C-7575-4D5C-956B-3674D4CB5AEC}.Release|ARM.Build.0 = Release|ARM
		{35672B4C-7575-4D5C-956B-3674D4CB5AEC}.Release|Mixed Platforms.ActiveCfg = Release|x86
		{35672B4C-7575-4D5C-956B-3674D4CB5AEC}.Release|Mixed Platforms.Build.0 = Release|x86
		{35672B4C-7575-4D5C-956B-3674D4CB5AEC}.Release|x64.ActiveCfg = Release|x64
		{35672B4C-7575-4D5C-956B-3674D4CB5AEC}.Release|x64.Build.0 = Release|x64
		{35672B4C-7575-4D5C-956B-3674D4CB5AEC}.Release|x86.ActiveCfg = Release|x86
		{35672B4C-7575-4D5C-956B-3674D4CB5AEC}.Release|x86.Build.0 = Release|x86
		{EFDA7B53-DCCB-46B9-AAC7-7D071515463F}.Debug|Any CPU.ActiveCfg = Debug|Any CPU
		{EFDA7B53-DCCB-46B9-AAC7-7D071515463F}.Debug|Any CPU.Build.0 = Debug|Any CPU
		{EFDA7B53-DCCB-46B9-AAC7-7D071515463F}.Debug|ARM.ActiveCfg = Debug|ARM
		{EFDA7B53-DCCB-46B9-AAC7-7D071515463F}.Debug|ARM.Build.0 = Debug|ARM
		{EFDA7B53-DCCB-46B9-AAC7-7D071515463F}.Debug|Mixed Platforms.ActiveCfg = Debug|x86
		{EFDA7B53-DCCB-46B9-AAC7-7D071515463F}.Debug|Mixed Platforms.Build.0 = Debug|x86
		{EFDA7B53-DCCB-46B9-AAC7-7D071515463F}.Debug|x64.ActiveCfg = Debug|Any CPU
		{EFDA7B53-DCCB-46B9-AAC7-7D071515463F}.Debug|x86.ActiveCfg = Debug|x86
		{EFDA7B53-DCCB-46B9-AAC7-7D071515463F}.Debug|x86.Build.0 = Debug|x86
		{EFDA7B53-DCCB-46B9-AAC7-7D071515463F}.Release|Any CPU.ActiveCfg = Release|Any CPU
		{EFDA7B53-DCCB-46B9-AAC7-7D071515463F}.Release|Any CPU.Build.0 = Release|Any CPU
		{EFDA7B53-DCCB-46B9-AAC7-7D071515463F}.Release|ARM.ActiveCfg = Release|ARM
		{EFDA7B53-DCCB-46B9-AAC7-7D071515463F}.Release|ARM.Build.0 = Release|ARM
		{EFDA7B53-DCCB-46B9-AAC7-7D071515463F}.Release|Mixed Platforms.ActiveCfg = Release|x86
		{EFDA7B53-DCCB-46B9-AAC7-7D071515463F}.Release|Mixed Platforms.Build.0 = Release|x86
		{EFDA7B53-DCCB-46B9-AAC7-7D071515463F}.Release|x64.ActiveCfg = Release|Any CPU
		{EFDA7B53-DCCB-46B9-AAC7-7D071515463F}.Release|x86.ActiveCfg = Release|x86
		{EFDA7B53-DCCB-46B9-AAC7-7D071515463F}.Release|x86.Build.0 = Release|x86
		{71555972-2EAB-4B6D-9B76-521DF55D2D14}.Debug|Any CPU.ActiveCfg = Debug|Any CPU
		{71555972-2EAB-4B6D-9B76-521DF55D2D14}.Debug|Any CPU.Build.0 = Debug|Any CPU
		{71555972-2EAB-4B6D-9B76-521DF55D2D14}.Debug|Any CPU.Deploy.0 = Debug|Any CPU
		{71555972-2EAB-4B6D-9B76-521DF55D2D14}.Debug|ARM.ActiveCfg = Debug|ARM
		{71555972-2EAB-4B6D-9B76-521DF55D2D14}.Debug|ARM.Build.0 = Debug|ARM
		{71555972-2EAB-4B6D-9B76-521DF55D2D14}.Debug|ARM.Deploy.0 = Debug|ARM
		{71555972-2EAB-4B6D-9B76-521DF55D2D14}.Debug|Mixed Platforms.ActiveCfg = Debug|x86
		{71555972-2EAB-4B6D-9B76-521DF55D2D14}.Debug|Mixed Platforms.Build.0 = Debug|x86
		{71555972-2EAB-4B6D-9B76-521DF55D2D14}.Debug|Mixed Platforms.Deploy.0 = Debug|x86
		{71555972-2EAB-4B6D-9B76-521DF55D2D14}.Debug|x64.ActiveCfg = Debug|Any CPU
		{71555972-2EAB-4B6D-9B76-521DF55D2D14}.Debug|x86.ActiveCfg = Debug|x86
		{71555972-2EAB-4B6D-9B76-521DF55D2D14}.Debug|x86.Build.0 = Debug|x86
		{71555972-2EAB-4B6D-9B76-521DF55D2D14}.Debug|x86.Deploy.0 = Debug|x86
		{71555972-2EAB-4B6D-9B76-521DF55D2D14}.Release|Any CPU.ActiveCfg = Release|Any CPU
		{71555972-2EAB-4B6D-9B76-521DF55D2D14}.Release|Any CPU.Build.0 = Release|Any CPU
		{71555972-2EAB-4B6D-9B76-521DF55D2D14}.Release|Any CPU.Deploy.0 = Release|Any CPU
		{71555972-2EAB-4B6D-9B76-521DF55D2D14}.Release|ARM.ActiveCfg = Release|ARM
		{71555972-2EAB-4B6D-9B76-521DF55D2D14}.Release|ARM.Build.0 = Release|ARM
		{71555972-2EAB-4B6D-9B76-521DF55D2D14}.Release|ARM.Deploy.0 = Release|ARM
		{71555972-2EAB-4B6D-9B76-521DF55D2D14}.Release|Mixed Platforms.ActiveCfg = Release|x86
		{71555972-2EAB-4B6D-9B76-521DF55D2D14}.Release|Mixed Platforms.Build.0 = Release|x86
		{71555972-2EAB-4B6D-9B76-521DF55D2D14}.Release|Mixed Platforms.Deploy.0 = Release|x86
		{71555972-2EAB-4B6D-9B76-521DF55D2D14}.Release|x64.ActiveCfg = Release|Any CPU
		{71555972-2EAB-4B6D-9B76-521DF55D2D14}.Release|x86.ActiveCfg = Release|x86
		{71555972-2EAB-4B6D-9B76-521DF55D2D14}.Release|x86.Build.0 = Release|x86
		{71555972-2EAB-4B6D-9B76-521DF55D2D14}.Release|x86.Deploy.0 = Release|x86
	EndGlobalSection
	GlobalSection(SolutionProperties) = preSolution
		HideSolutionNode = FALSE
	EndGlobalSection
	GlobalSection(NestedProjects) = preSolution
		{D13662C3-6CBC-4DBC-8C36-54863F27A27A} = {FF1034AA-C116-4983-8F0B-1B2CDEC671F9}
		{35672B4C-7575-4D5C-956B-3674D4CB5AEC} = {FF1034AA-C116-4983-8F0B-1B2CDEC671F9}
		{0C5F2939-61DC-452E-914F-DA55798327D9} = {FF1034AA-C116-4983-8F0B-1B2CDEC671F9}
		{71555972-2EAB-4B6D-9B76-521DF55D2D14} = {3BF5B101-1106-4CE8-B81E-653823D6C586}
		{EFDA7B53-DCCB-46B9-AAC7-7D071515463F} = {3BF5B101-1106-4CE8-B81E-653823D6C586}
		{2BAABB45-6F99-4266-9974-AF365CB5568E} = {31B5CF15-EBA4-41C6-AAD9-EFD4D01DDD24}
		{7C277F2B-F4C1-44B7-A33B-3B1671359EE3} = {31B5CF15-EBA4-41C6-AAD9-EFD4D01DDD24}
		{582E2DEB-1AEF-403A-84A2-51698F42F46D} = {31B5CF15-EBA4-41C6-AAD9-EFD4D01DDD24}
	EndGlobalSection
EndGlobal
